
Microsoft Visual Studio Solution File, Format Version 12.00
# Visual Studio Version 17
VisualStudioVersion = 17.5.002.0
MinimumVisualStudioVersion = 10.0.40219.1
Project("{9A19103F-16F7-4668-BE54-9A1E7A4F7556}") = "Arhitekt", "Arhitekt\Arhitekt.csproj", "{5A6ED698-AC53-40BC-8812-394841ED888F}"
EndProject
Global
	GlobalSection(SolutionConfigurationPlatforms) = preSolution
		Debug|Any CPU = Debug|Any CPU
		Release|Any CPU = Release|Any CPU
	EndGlobalSection
	GlobalSection(ProjectConfigurationPlatforms) = postSolution
		{5A6ED698-AC53-40BC-8812-394841ED888F}.Debug|Any CPU.ActiveCfg = Debug|Any CPU
		{5A6ED698-AC53-40BC-8812-394841ED888F}.Debug|Any CPU.Build.0 = Debug|Any CPU
		{5A6ED698-AC53-40BC-8812-394841ED888F}.Release|Any CPU.ActiveCfg = Release|Any CPU
		{5A6ED698-AC53-40BC-8812-394841ED888F}.Release|Any CPU.Build.0 = Release|Any CPU
	EndGlobalSection
	GlobalSection(SolutionProperties) = preSolution
		HideSolutionNode = FALSE
	EndGlobalSection
	GlobalSection(ExtensibilityGlobals) = postSolution
		SolutionGuid = {1891D86A-26EB-48F7-83B5-49011D1C9CBC}
	EndGlobalSection
EndGlobal
